{
  "name": "sing",
  "version": "0.1.0",
  "lockfileVersion": 3,
  "requires": true,
  "packages": {
    "": {
      "name": "sing",
      "version": "0.1.0",
      "workspaces": [
        "packages/controller",
        "packages/bridge",
        "apps/desktop"
      ],
      "engines": {
        "node": ">=18"
      }
    },
    "apps/desktop": {
      "name": "@sing/desktop",
      "version": "0.1.0",
      "dependencies": {
        "@sing/controller": "*",
        "react": "^18.3.1",
        "react-dom": "^18.3.1"
      },
      "devDependencies": {
        "@types/react": "^18.3.12",
        "@types/react-dom": "^18.3.1",
        "@vitejs/plugin-react": "^4.3.3",
        "typescript": "^5.6.3",
        "vite": "^5.4.10"
      }
    },
    "packages/bridge": {
      "name": "@sing/bridge",
      "version": "0.1.0",
      "dependencies": {
        "@sing/controller": "*"
      },
      "devDependencies": {
        "@types/node": "^22.9.0",
        "tsx": "^4.19.2",
        "typescript": "^5.6.3",
        "vitest": "^2.1.4"
      }
    },
    "packages/controller": {
      "name": "@sing/controller",
      "version": "0.1.0",
      "devDependencies": {
        "typescript": "^5.6.3",
        "vitest": "^2.1.4"
      }
    }
  }
}
